
Microsoft Visual Studio Solution File, Format Version 12.00
# Visual Studio Version 17
VisualStudioVersion = 17.0.32014.148
MinimumVisualStudioVersion = 10.0.40219.1
Project("{8BC9CEB8-8B4A-11D0-8D11-00A0C91BC942}") = "DSA", "DSA.vcxproj", "{05DFFDD5-6E31-4290-9E7A-5C265E990A8A}"
EndProject
Global
	GlobalSection(SolutionConfigurationPlatforms) = preSolution
		Debug|x64 = Debug|x64
		Debug|x86 = Debug|x86
		Release|x64 = Release|x64
		Release|x86 = Release|x86
	EndGlobalSection
	GlobalSection(ProjectConfigurationPlatforms) = postSolution
		{05DFFDD5-6E31-4290-9E7A-5C265E990A8A}.Debug|x64.ActiveCfg = Debug|x64
		{05DFFDD5-6E31-4290-9E7A-5C265E990A8A}.Debug|x64.Build.0 = Debug|x64
		{05DFFDD5-6E31-4290-9E7A-5C265E990A8A}.Debug|x86.ActiveCfg = Debug|Win32
		{05DFFDD5-6E31-4290-9E7A-5C265E990A8A}.Debug|x86.Build.0 = Debug|Win32
		{05DFFDD5-6E31-4290-9E7A-5C265E990A8A}.Release|x64.ActiveCfg = Release|x64
		{05DFFDD5-6E31-4290-9E7A-5C265E990A8A}.Release|x64.Build.0 = Release|x64
		{05DFFDD5-6E31-4290-9E7A-5C265E990A8A}.Release|x86.ActiveCfg = Release|Win32
		{05DFFDD5-6E31-4290-9E7A-5C265E990A8A}.Release|x86.Build.0 = Release|Win32
	EndGlobalSection
	GlobalSection(SolutionProperties) = preSolution
		HideSolutionNode = FALSE
	EndGlobalSection
	GlobalSection(ExtensibilityGlobals) = postSolution
		SolutionGuid = {15AAB3CF-8329-4BE3-943C-0BEDA3D7701C}
	EndGlobalSection
EndGlobal
